
Microsoft Visual Studio Solution File, Format Version 12.00
# Visual Studio Version 17
VisualStudioVersion = 17.0.31903.59
MinimumVisualStudioVersion = 10.0.40219.1
Project("{2150E333-8FDC-42A3-9474-1A3956D46DE8}") = "src", "src", "{827E0CD3-B72D-47B6-A68D-7590B98EB39B}"
EndProject
Project("{FAE04EC0-301F-11D3-BF4B-00C04F79EFBC}") = "Notes.API", "src\Notes.API\Notes.API.csproj", "{21B81A29-CBCB-4BAC-83DC-462D3A4EBA74}"
EndProject
Project("{FAE04EC0-301F-11D3-BF4B-00C04F79EFBC}") = "Notes.Application", "src\Notes.Application\Notes.Application.csproj", "{C2B1405F-85F1-473D-9079-95813E8B7A12}"
EndProject
Project("{FAE04EC0-301F-11D3-BF4B-00C04F79EFBC}") = "Notes.Domain", "src\Notes.Domain\Notes.Domain.csproj", "{D13735B1-046E-4DAA-AD92-F2CC7EE80C09}"
EndProject
Project("{FAE04EC0-301F-11D3-BF4B-00C04F79EFBC}") = "Notes.Infrastructure", "src\Notes.Infrastructure\Notes.Infrastructure.csproj", "{F921ED1D-A441-4CEB-93B3-D8CC6C24AFD6}"
EndProject
Project("{2150E333-8FDC-42A3-9474-1A3956D46DE8}") = "tests", "tests", "{0AB3BF05-4346-4AA6-1389-037BE0695223}"
EndProject
Project("{FAE04EC0-301F-11D3-BF4B-00C04F79EFBC}") = "Notes.Tests.Unit", "tests\Notes.Tests.Unit\Notes.Tests.Unit.csproj", "{A67216E9-01EF-4543-B2DB-AFDA1E60480F}"
EndProject
Project("{FAE04EC0-301F-11D3-BF4B-00C04F79EFBC}") = "Notes.Tests.Integration", "tests\Notes.Tests.Integration\Notes.Tests.Integration.csproj", "{6C12FBB8-C5C0-4DAC-9193-53B8DF8319EB}"
EndProject
Global
	GlobalSection(SolutionConfigurationPlatforms) = preSolution
		Debug|Any CPU = Debug|Any CPU
		Debug|x64 = Debug|x64
		Debug|x86 = Debug|x86
		Release|Any CPU = Release|Any CPU
		Release|x64 = Release|x64
		Release|x86 = Release|x86
	EndGlobalSection
	GlobalSection(ProjectConfigurationPlatforms) = postSolution
		{21B81A29-CBCB-4BAC-83DC-462D3A4EBA74}.Debug|Any CPU.ActiveCfg = Debug|Any CPU
		{21B81A29-CBCB-4BAC-83DC-462D3A4EBA74}.Debug|Any CPU.Build.0 = Debug|Any CPU
		{21B81A29-CBCB-4BAC-83DC-462D3A4EBA74}.Debug|x64.ActiveCfg = Debug|Any CPU
		{21B81A29-CBCB-4BAC-83DC-462D3A4EBA74}.Debug|x64.Build.0 = Debug|Any CPU
		{21B81A29-CBCB-4BAC-83DC-462D3A4EBA74}.Debug|x86.ActiveCfg = Debug|Any CPU
		{21B81A29-CBCB-4BAC-83DC-462D3A4EBA74}.Debug|x86.Build.0 = Debug|Any CPU
		{21B81A29-CBCB-4BAC-83DC-462D3A4EBA74}.Release|Any CPU.ActiveCfg = Release|Any CPU
		{21B81A29-CBCB-4BAC-83DC-462D3A4EBA74}.Release|Any CPU.Build.0 = Release|Any CPU
		{21B81A29-CBCB-4BAC-83DC-462D3A4EBA74}.Release|x64.ActiveCfg = Release|Any CPU
		{21B81A29-CBCB-4BAC-83DC-462D3A4EBA74}.Release|x64.Build.0 = Release|Any CPU
		{21B81A29-CBCB-4BAC-83DC-462D3A4EBA74}.Release|x86.ActiveCfg = Release|Any CPU
		{21B81A29-CBCB-4BAC-83DC-462D3A4EBA74}.Release|x86.Build.0 = Release|Any CPU
		{C2B1405F-85F1-473D-9079-95813E8B7A12}.Debug|Any CPU.ActiveCfg = Debug|Any CPU
		{C2B1405F-85F1-473D-9079-95813E8B7A12}.Debug|Any CPU.Build.0 = Debug|Any CPU
		{C2B1405F-85F1-473D-9079-95813E8B7A12}.Debug|x64.ActiveCfg = Debug|Any CPU
		{C2B1405F-85F1-473D-9079-95813E8B7A12}.Debug|x64.Build.0 = Debug|Any CPU
		{C2B1405F-85F1-473D-9079-95813E8B7A12}.Debug|x86.ActiveCfg = Debug|Any CPU
		{C2B1405F-85F1-473D-9079-95813E8B7A12}.Debug|x86.Build.0 = Debug|Any CPU
		{C2B1405F-85F1-473D-9079-95813E8B7A12}.Release|Any CPU.ActiveCfg = Release|Any CPU
		{C2B1405F-85F1-473D-9079-95813E8B7A12}.Release|Any CPU.Build.0 = Release|Any CPU
		{C2B1405F-85F1-473D-9079-95813E8B7A12}.Release|x64.ActiveCfg = Release|Any CPU
		{C2B1405F-85F1-473D-9079-95813E8B7A12}.Release|x64.Build.0 = Release|Any CPU
		{C2B1405F-85F1-473D-9079-95813E8B7A12}.Release|x86.ActiveCfg = Release|Any CPU
		{C2B1405F-85F1-473D-9079-95813E8B7A12}.Release|x86.Build.0 = Release|Any CPU
		{D13735B1-046E-4DAA-AD92-F2CC7EE80C09}.Debug|Any CPU.ActiveCfg = Debug|Any CPU
		{D13735B1-046E-4DAA-AD92-F2CC7EE80C09}.Debug|Any CPU.Build.0 = Debug|Any CPU
		{D13735B1-046E-4DAA-AD92-F2CC7EE80C09}.Debug|x64.ActiveCfg = Debug|Any CPU
		{D13735B1-046E-4DAA-AD92-F2CC7EE80C09}.Debug|x64.Build.0 = Debug|Any CPU
		{D13735B1-046E-4DAA-AD92-F2CC7EE80C09}.Debug|x86.ActiveCfg = Debug|Any CPU
		{D13735B1-046E-4DAA-AD92-F2CC7EE80C09}.Debug|x86.Build.0 = Debug|Any CPU
		{D13735B1-046E-4DAA-AD92-F2CC7EE80C09}.Release|Any CPU.ActiveCfg = Release|Any CPU
		{D13735B1-046E-4DAA-AD92-F2CC7EE80C09}.Release|Any CPU.Build.0 = Release|Any CPU
		{D13735B1-046E-4DAA-AD92-F2CC7EE80C09}.Release|x64.ActiveCfg = Release|Any CPU
		{D13735B1-046E-4DAA-AD92-F2CC7EE80C09}.Release|x64.Build.0 = Release|Any CPU
		{D13735B1-046E-4DAA-AD92-F2CC7EE80C09}.Release|x86.ActiveCfg = Release|Any CPU
		{D13735B1-046E-4DAA-AD92-F2CC7EE80C09}.Release|x86.Build.0 = Release|Any CPU
		{F921ED1D-A441-4CEB-93B3-D8CC6C24AFD6}.Debug|Any CPU.ActiveCfg = Debug|Any CPU
		{F921ED1D-A441-4CEB-93B3-D8CC6C24AFD6}.Debug|Any CPU.Build.0 = Debug|Any CPU
		{F921ED1D-A441-4CEB-93B3-D8CC6C24AFD6}.Debug|x64.ActiveCfg = Debug|Any CPU
		{F921ED1D-A441-4CEB-93B3-D8CC6C24AFD6}.Debug|x64.Build.0 = Debug|Any CPU
		{F921ED1D-A441-4CEB-93B3-D8CC6C24AFD6}.Debug|x86.ActiveCfg = Debug|Any CPU
		{F921ED1D-A441-4CEB-93B3-D8CC6C24AFD6}.Debug|x86.Build.0 = Debug|Any CPU
		{F921ED1D-A441-4CEB-93B3-D8CC6C24AFD6}.Release|Any CPU.ActiveCfg = Release|Any CPU
		{F921ED1D-A441-4CEB-93B3-D8CC6C24AFD6}.Release|Any CPU.Build.0 = Release|Any CPU
		{F921ED1D-A441-4CEB-93B3-D8CC6C24AFD6}.Release|x64.ActiveCfg = Release|Any CPU
		{F921ED1D-A441-4CEB-93B3-D8CC6C24AFD6}.Release|x64.Build.0 = Release|Any CPU
		{F921ED1D-A441-4CEB-93B3-D8CC6C24AFD6}.Release|x86.ActiveCfg = Release|Any CPU
		{F921ED1D-A441-4CEB-93B3-D8CC6C24AFD6}.Release|x86.Build.0 = Release|Any CPU
		{A67216E9-01EF-4543-B2DB-AFDA1E60480F}.Debug|Any CPU.ActiveCfg = Debug|Any CPU
		{A67216E9-01EF-4543-B2DB-AFDA1E60480F}.Debug|Any CPU.Build.0 = Debug|Any CPU
		{A67216E9-01EF-4543-B2DB-AFDA1E60480F}.Debug|x64.ActiveCfg = Debug|Any CPU
		{A67216E9-01EF-4543-B2DB-AFDA1E60480F}.Debug|x64.Build.0 = Debug|Any CPU
		{A67216E9-01EF-4543-B2DB-AFDA1E60480F}.Debug|x86.ActiveCfg = Debug|Any CPU
		{A67216E9-01EF-4543-B2DB-AFDA1E60480F}.Debug|x86.Build.0 = Debug|Any CPU
		{A67216E9-01EF-4543-B2DB-AFDA1E60480F}.Release|Any CPU.ActiveCfg = Release|Any CPU
		{A67216E9-01EF-4543-B2DB-AFDA1E60480F}.Release|Any CPU.Build.0 = Release|Any CPU
		{A67216E9-01EF-4543-B2DB-AFDA1E60480F}.Release|x64.ActiveCfg = Release|Any CPU
		{A67216E9-01EF-4543-B2DB-AFDA1E60480F}.Release|x64.Build.0 = Release|Any CPU
		{A67216E9-01EF-4543-B2DB-AFDA1E60480F}.Release|x86.ActiveCfg = Release|Any CPU
		{A67216E9-01EF-4543-B2DB-AFDA1E60480F}.Release|x86.Build.0 = Release|Any CPU
		{6C12FBB8-C5C0-4DAC-9193-53B8DF8319EB}.Debug|Any CPU.ActiveCfg = Debug|Any CPU
		{6C12FBB8-C5C0-4DAC-9193-53B8DF8319EB}.Debug|Any CPU.Build.0 = Debug|Any CPU
		{6C12FBB8-C5C0-4DAC-9193-53B8DF8319EB}.Debug|x64.ActiveCfg = Debug|Any CPU
		{6C12FBB8-C5C0-4DAC-9193-53B8DF8319EB}.Debug|x64.Build.0 = Debug|Any CPU
		{6C12FBB8-C5C0-4DAC-9193-53B8DF8319EB}.Debug|x86.ActiveCfg = Debug|Any CPU
		{6C12FBB8-C5C0-4DAC-9193-53B8DF8319EB}.Debug|x86.Build.0 = Debug|Any CPU
		{6C12FBB8-C5C0-4DAC-9193-53B8DF8319EB}.Release|Any CPU.ActiveCfg = Release|Any CPU
		{6C12FBB8-C5C0-4DAC-9193-53B8DF8319EB}.Release|Any CPU.Build.0 = Release|Any CPU
		{6C12FBB8-C5C0-4DAC-9193-53B8DF8319EB}.Release|x64.ActiveCfg = Release|Any CPU
		{6C12FBB8-C5C0-4DAC-9193-53B8DF8319EB}.Release|x64.Build.0 = Release|Any CPU
		{6C12FBB8-C5C0-4DAC-9193-53B8DF8319EB}.Release|x86.ActiveCfg = Release|Any CPU
		{6C12FBB8-C5C0-4DAC-9193-53B8DF8319EB}.Release|x86.Build.0 = Release|Any CPU
	EndGlobalSection
	GlobalSection(SolutionProperties) = preSolution
		HideSolutionNode = FALSE
	EndGlobalSection
	GlobalSection(NestedProjects) = preSolution
		{21B81A29-CBCB-4BAC-83DC-462D3A4EBA74} = {827E0CD3-B72D-47B6-A68D-7590B98EB39B}
		{C2B1405F-85F1-473D-9079-95813E8B7A12} = {827E0CD3-B72D-47B6-A68D-7590B98EB39B}
		{D13735B1-046E-4DAA-AD92-F2CC7EE80C09} = {827E0CD3-B72D-47B6-A68D-7590B98EB39B}
		{F921ED1D-A441-4CEB-93B3-D8CC6C24AFD6} = {827E0CD3-B72D-47B6-A68D-7590B98EB39B}
		{A67216E9-01EF-4543-B2DB-AFDA1E60480F} = {0AB3BF05-4346-4AA6-1389-037BE0695223}
		{6C12FBB8-C5C0-4DAC-9193-53B8DF8319EB} = {0AB3BF05-4346-4AA6-1389-037BE0695223}
	EndGlobalSection
EndGlobal
